dependencies:
  anjay-esp-idf:
    component_hash: ed2f253f5ce7088180567f1b244bf889c943df0eed43feb0021737a58426fd69
    dependencies: []
    source:
      git: https://github.com/jsebgiraldo/LwM2M-espidf.git
      path: components/anjay-esp-idf
      type: git
    version: da4624a1849053e7c2e6ea8eb4266aa8d7cfa2f1
  idf:
    source:
      type: idf
    version: 5.4.1
direct_dependencies:
- anjay-esp-idf
- idf
manifest_hash: b3749f62af436bf0956052ebe6c882f6c6aa14925228d64e013c8dbfb5ac38d3
target: esp32c6
version: 2.0.0
